
Microsoft Visual Studio Solution File, Format Version 12.00
# Visual Studio Version 17
VisualStudioVersion = 17.12.35521.163
MinimumVisualStudioVersion = 10.0.40219.1
Project("{FAE04EC0-301F-11D3-BF4B-00C04F79EFBC}") = "Pattern.AppHost", "Pattern.AppHost\Pattern.AppHost.csproj", "{84752FB1-0E87-4D82-8F69-3191C1F8F943}"
EndProject
Project("{FAE04EC0-301F-11D3-BF4B-00C04F79EFBC}") = "Pattern.ServiceDefaults", "Pattern.ServiceDefaults\Pattern.ServiceDefaults.csproj", "{0CB95D46-7E20-493B-AC53-2E73A5336B8E}"
EndProject
Project("{2150E333-8FDC-42A3-9474-1A3956D46DE8}") = "Pattern", "Pattern", "{CCE02C77-753D-41EC-987E-F2140E531640}"
EndProject
Project("{2150E333-8FDC-42A3-9474-1A3956D46DE8}") = "CQRS", "CQRS", "{C981A3AE-1A72-4D46-B427-F485883F910D}"
EndProject
Project("{FAE04EC0-301F-11D3-BF4B-00C04F79EFBC}") = "CQRS.Library.BookService", "Pattern\CQRS\CQRS.Library.BookService\CQRS.Library.BookService.csproj", "{FC35D79E-20E8-4259-96FF-B62FC6DD9F31}"
EndProject
Project("{FAE04EC0-301F-11D3-BF4B-00C04F79EFBC}") = "Pattern.DatabaseMigrationHelpers", "Pattern.DatabaseMigrationHelpers\Pattern.DatabaseMigrationHelpers.csproj", "{8E27B933-CB6F-46E2-A992-611F65B85422}"
EndProject
Project("{FAE04EC0-301F-11D3-BF4B-00C04F79EFBC}") = "Pattern.Shared", "Pattern.Shared\Pattern.Shared.csproj", "{57AF5B4C-A6F2-4863-9E81-E7CC84FE9CC5}"
EndProject
Project("{FAE04EC0-301F-11D3-BF4B-00C04F79EFBC}") = "CQRS.Library.BorrowerService", "Pattern\CQRS\CQRS.Library.BorrowerService\CQRS.Library.BorrowerService.csproj", "{4C07AD45-74AA-4EE2-B6A5-4B7DB3AFD1A9}"
EndProject
Project("{FAE04EC0-301F-11D3-BF4B-00C04F79EFBC}") = "EventBus", "EventBus\EventBus.csproj", "{8AFD0724-72D7-4571-A20F-BC59FDA2D718}"
EndProject
Project("{FAE04EC0-301F-11D3-BF4B-00C04F79EFBC}") = "EventBus.Kafka", "EventBus.Kafka\EventBus.Kafka.csproj", "{07A06139-3D57-4281-9242-8551B65DB9F8}"
EndProject
Project("{FAE04EC0-301F-11D3-BF4B-00C04F79EFBC}") = "CQRS.Library.IntegrationEvents", "Pattern\CQRS\CQRS.Library.IntegrationEvents\CQRS.Library.IntegrationEvents.csproj", "{6C250E37-E779-4B27-973A-F6496B1AFDE8}"
EndProject
Global
	GlobalSection(SolutionConfigurationPlatforms) = preSolution
		Debug|Any CPU = Debug|Any CPU
		Release|Any CPU = Release|Any CPU
	EndGlobalSection
	GlobalSection(ProjectConfigurationPlatforms) = postSolution
		{84752FB1-0E87-4D82-8F69-3191C1F8F943}.Debug|Any CPU.ActiveCfg = Debug|Any CPU
		{84752FB1-0E87-4D82-8F69-3191C1F8F943}.Debug|Any CPU.Build.0 = Debug|Any CPU
		{84752FB1-0E87-4D82-8F69-3191C1F8F943}.Release|Any CPU.ActiveCfg = Release|Any CPU
		{84752FB1-0E87-4D82-8F69-3191C1F8F943}.Release|Any CPU.Build.0 = Release|Any CPU
		{0CB95D46-7E20-493B-AC53-2E73A5336B8E}.Debug|Any CPU.ActiveCfg = Debug|Any CPU
		{0CB95D46-7E20-493B-AC53-2E73A5336B8E}.Debug|Any CPU.Build.0 = Debug|Any CPU
		{0CB95D46-7E20-493B-AC53-2E73A5336B8E}.Release|Any CPU.ActiveCfg = Release|Any CPU
		{0CB95D46-7E20-493B-AC53-2E73A5336B8E}.Release|Any CPU.Build.0 = Release|Any CPU
		{FC35D79E-20E8-4259-96FF-B62FC6DD9F31}.Debug|Any CPU.ActiveCfg = Debug|Any CPU
		{FC35D79E-20E8-4259-96FF-B62FC6DD9F31}.Debug|Any CPU.Build.0 = Debug|Any CPU
		{FC35D79E-20E8-4259-96FF-B62FC6DD9F31}.Release|Any CPU.ActiveCfg = Release|Any CPU
		{FC35D79E-20E8-4259-96FF-B62FC6DD9F31}.Release|Any CPU.Build.0 = Release|Any CPU
		{8E27B933-CB6F-46E2-A992-611F65B85422}.Debug|Any CPU.ActiveCfg = Debug|Any CPU
		{8E27B933-CB6F-46E2-A992-611F65B85422}.Debug|Any CPU.Build.0 = Debug|Any CPU
		{8E27B933-CB6F-46E2-A992-611F65B85422}.Release|Any CPU.ActiveCfg = Release|Any CPU
		{8E27B933-CB6F-46E2-A992-611F65B85422}.Release|Any CPU.Build.0 = Release|Any CPU
		{57AF5B4C-A6F2-4863-9E81-E7CC84FE9CC5}.Debug|Any CPU.ActiveCfg = Debug|Any CPU
		{57AF5B4C-A6F2-4863-9E81-E7CC84FE9CC5}.Debug|Any CPU.Build.0 = Debug|Any CPU
		{57AF5B4C-A6F2-4863-9E81-E7CC84FE9CC5}.Release|Any CPU.ActiveCfg = Release|Any CPU
		{57AF5B4C-A6F2-4863-9E81-E7CC84FE9CC5}.Release|Any CPU.Build.0 = Release|Any CPU
		{4C07AD45-74AA-4EE2-B6A5-4B7DB3AFD1A9}.Debug|Any CPU.ActiveCfg = Debug|Any CPU
		{4C07AD45-74AA-4EE2-B6A5-4B7DB3AFD1A9}.Debug|Any CPU.Build.0 = Debug|Any CPU
		{4C07AD45-74AA-4EE2-B6A5-4B7DB3AFD1A9}.Release|Any CPU.ActiveCfg = Release|Any CPU
		{4C07AD45-74AA-4EE2-B6A5-4B7DB3AFD1A9}.Release|Any CPU.Build.0 = Release|Any CPU
		{8AFD0724-72D7-4571-A20F-BC59FDA2D718}.Debug|Any CPU.ActiveCfg = Debug|Any CPU
		{8AFD0724-72D7-4571-A20F-BC59FDA2D718}.Debug|Any CPU.Build.0 = Debug|Any CPU
		{8AFD0724-72D7-4571-A20F-BC59FDA2D718}.Release|Any CPU.ActiveCfg = Release|Any CPU
		{8AFD0724-72D7-4571-A20F-BC59FDA2D718}.Release|Any CPU.Build.0 = Release|Any CPU
		{07A06139-3D57-4281-9242-8551B65DB9F8}.Debug|Any CPU.ActiveCfg = Debug|Any CPU
		{07A06139-3D57-4281-9242-8551B65DB9F8}.Debug|Any CPU.Build.0 = Debug|Any CPU
		{07A06139-3D57-4281-9242-8551B65DB9F8}.Release|Any CPU.ActiveCfg = Release|Any CPU
		{07A06139-3D57-4281-9242-8551B65DB9F8}.Release|Any CPU.Build.0 = Release|Any CPU
		{6C250E37-E779-4B27-973A-F6496B1AFDE8}.Debug|Any CPU.ActiveCfg = Debug|Any CPU
		{6C250E37-E779-4B27-973A-F6496B1AFDE8}.Debug|Any CPU.Build.0 = Debug|Any CPU
		{6C250E37-E779-4B27-973A-F6496B1AFDE8}.Release|Any CPU.ActiveCfg = Release|Any CPU
		{6C250E37-E779-4B27-973A-F6496B1AFDE8}.Release|Any CPU.Build.0 = Release|Any CPU
	EndGlobalSection
	GlobalSection(SolutionProperties) = preSolution
		HideSolutionNode = FALSE
	EndGlobalSection
	GlobalSection(NestedProjects) = preSolution
		{C981A3AE-1A72-4D46-B427-F485883F910D} = {CCE02C77-753D-41EC-987E-F2140E531640}
		{FC35D79E-20E8-4259-96FF-B62FC6DD9F31} = {C981A3AE-1A72-4D46-B427-F485883F910D}
		{4C07AD45-74AA-4EE2-B6A5-4B7DB3AFD1A9} = {C981A3AE-1A72-4D46-B427-F485883F910D}
		{6C250E37-E779-4B27-973A-F6496B1AFDE8} = {C981A3AE-1A72-4D46-B427-F485883F910D}
	EndGlobalSection
EndGlobal
