
Microsoft Visual Studio Solution File, Format Version 12.00
# Visual Studio Version 17
VisualStudioVersion = 17.12.35521.163 d17.12
MinimumVisualStudioVersion = 10.0.40219.1
Project("{FAE04EC0-301F-11D3-BF4B-00C04F79EFBC}") = "Pattern.AppHost", "Pattern\Pattern.AppHost\Pattern.AppHost.csproj", "{2E6A5DDC-FADF-4C32-86DD-DE014D554CB7}"
EndProject
Project("{FAE04EC0-301F-11D3-BF4B-00C04F79EFBC}") = "Pattern.ServiceDefaults", "Pattern\Pattern.ServiceDefaults\Pattern.ServiceDefaults.csproj", "{BA8D8373-F69B-4E18-AF6C-64BFC7AE4A20}"
EndProject
Project("{FAE04EC0-301F-11D3-BF4B-00C04F79EFBC}") = "Pattern.Library.BookApi", "Pattern.Library.BookApi\Pattern.Library.BookApi.csproj", "{EA4ECC10-59DA-47EA-B841-3DF4552B70B0}"
EndProject
Project("{2150E333-8FDC-42A3-9474-1A3956D46DE8}") = "CQRS", "CQRS", "{30A54A69-AD94-4543-B6FE-4E16EEBEBE2A}"
EndProject
Global
	GlobalSection(SolutionConfigurationPlatforms) = preSolution
		Debug|Any CPU = Debug|Any CPU
		Release|Any CPU = Release|Any CPU
	EndGlobalSection
	GlobalSection(ProjectConfigurationPlatforms) = postSolution
		{2E6A5DDC-FADF-4C32-86DD-DE014D554CB7}.Debug|Any CPU.ActiveCfg = Debug|Any CPU
		{2E6A5DDC-FADF-4C32-86DD-DE014D554CB7}.Debug|Any CPU.Build.0 = Debug|Any CPU
		{2E6A5DDC-FADF-4C32-86DD-DE014D554CB7}.Release|Any CPU.ActiveCfg = Release|Any CPU
		{2E6A5DDC-FADF-4C32-86DD-DE014D554CB7}.Release|Any CPU.Build.0 = Release|Any CPU
		{BA8D8373-F69B-4E18-AF6C-64BFC7AE4A20}.Debug|Any CPU.ActiveCfg = Debug|Any CPU
		{BA8D8373-F69B-4E18-AF6C-64BFC7AE4A20}.Debug|Any CPU.Build.0 = Debug|Any CPU
		{BA8D8373-F69B-4E18-AF6C-64BFC7AE4A20}.Release|Any CPU.ActiveCfg = Release|Any CPU
		{BA8D8373-F69B-4E18-AF6C-64BFC7AE4A20}.Release|Any CPU.Build.0 = Release|Any CPU
		{EA4ECC10-59DA-47EA-B841-3DF4552B70B0}.Debug|Any CPU.ActiveCfg = Debug|Any CPU
		{EA4ECC10-59DA-47EA-B841-3DF4552B70B0}.Debug|Any CPU.Build.0 = Debug|Any CPU
		{EA4ECC10-59DA-47EA-B841-3DF4552B70B0}.Release|Any CPU.ActiveCfg = Release|Any CPU
		{EA4ECC10-59DA-47EA-B841-3DF4552B70B0}.Release|Any CPU.Build.0 = Release|Any CPU
	EndGlobalSection
	GlobalSection(SolutionProperties) = preSolution
		HideSolutionNode = FALSE
	EndGlobalSection
	GlobalSection(NestedProjects) = preSolution
		{EA4ECC10-59DA-47EA-B841-3DF4552B70B0} = {30A54A69-AD94-4543-B6FE-4E16EEBEBE2A}
	EndGlobalSection
EndGlobal
